<?xml version="1.0" encoding="utf-8"?>
<Project ToolsVersion="4.0" xmlns="http://schemas.microsoft.com/developer/msbuild/2003">
  <ItemGroup>
    <Filter Include="Source Files">
      <UniqueIdentifier>{4FC737F1-C7A5-4376-A066-2A32D752A2FF}</UniqueIdentifier>
      <Extensions>cpp;c;cc;cxx;def;odl;idl;hpj;bat;asm;asmx</Extensions>
    </Filter>
    <Filter Include="Header Files">
      <UniqueIdentifier>{93995380-89BD-4b04-88EB-625FBE52EBFB}</UniqueIdentifier>
      <Extensions>h;hh;hpp;hxx;hm;inl;inc;xsd</Extensions>
    </Filter>
    <Filter Include="Resource Files">
      <UniqueIdentifier>{67DA6AB6-F800-4c08-8B7A-83BB121AAD01}</UniqueIdentifier>
      <Extensions>rc;ico;cur;bmp;dlg;rc2;rct;bin;rgs;gif;jpg;jpeg;jpe;resx;tiff;tif;png;wav;mfcribbon-ms</Extensions>
    </Filter>
    <Filter Include="Header Files\states">
      <UniqueIdentifier>{22dd79da-b0e8-46d2-9347-a0cb22e441b1}</UniqueIdentifier>
    </Filter>
    <Filter Include="Source Files\states">
      <UniqueIdentifier>{1e38e4bc-f8f3-4b02-8076-2e52127625a6}</UniqueIdentifier>
    </Filter>
    <Filter Include="Header Files\objects">
      <UniqueIdentifier>{335029cf-4198-4b0d-9783-6c0210eb8581}</UniqueIdentifier>
    </Filter>
    <Filter Include="Header Files\tools">
      <UniqueIdentifier>{a71b5c5c-316d-4a2f-bc2c-fd3209faf114}</UniqueIdentifier>
    </Filter>
    <Filter Include="Source Files\objects">
      <UniqueIdentifier>{e65160db-b3ff-4547-9268-7bfdea456c55}</UniqueIdentifier>
    </Filter>
    <Filter Include="Source Files\tools">
      <UniqueIdentifier>{5219451f-78bb-4726-9f32-edb7834bcfec}</UniqueIdentifier>
    </Filter>
  </ItemGroup>
  <ItemGroup>
    <ClInclude Include="items.h">
      <Filter>Header Files\objects</Filter>
    </ClInclude>
    <ClInclude Include="object.h">
      <Filter>Header Files\objects</Filter>
    </ClInclude>
    <ClInclude Include="player.h">
      <Filter>Header Files\objects</Filter>
    </ClInclude>
    <ClInclude Include="weapons.h">
      <Filter>Header Files\objects</Filter>
    </ClInclude>
    <ClInclude Include="state_base.h">
      <Filter>Header Files\states</Filter>
    </ClInclude>
    <ClInclude Include="state_challenge_mode.h">
      <Filter>Header Files\states</Filter>
    </ClInclude>
    <ClInclude Include="state_menu.h">
      <Filter>Header Files\states</Filter>
    </ClInclude>
    <ClInclude Include="state_options.h">
      <Filter>Header Files\states</Filter>
    </ClInclude>
    <ClInclude Include="state_pause.h">
      <Filter>Header Files\states</Filter>
    </ClInclude>
    <ClInclude Include="state_playing.h">
      <Filter>Header Files\states</Filter>
    </ClInclude>
    <ClInclude Include="state_post_level.h">
      <Filter>Header Files\states</Filter>
    </ClInclude>
    <ClInclude Include="state_scores.h">
      <Filter>Header Files\states</Filter>
    </ClInclude>
    <ClInclude Include="state_machine.h">
      <Filter>Header Files</Filter>
    </ClInclude>
    <ClInclude Include="resources.h">
      <Filter>Header Files\tools</Filter>
    </ClInclude>
    <ClInclude Include="options.h">
      <Filter>Header Files\tools</Filter>
    </ClInclude>
    <ClInclude Include="log.h">
      <Filter>Header Files\tools</Filter>
    </ClInclude>
    <ClInclude Include="cursor.h">
      <Filter>Header Files\objects</Filter>
    </ClInclude>
    <ClInclude Include="bulletshot.h">
      <Filter>Header Files\objects</Filter>
    </ClInclude>
    <ClInclude Include="layer.h">
      <Filter>Header Files\objects</Filter>
    </ClInclude>
    <ClInclude Include="sprite.h">
      <Filter>Header Files\objects</Filter>
    </ClInclude>
    <ClInclude Include="map.h">
      <Filter>Header Files\tools</Filter>
    </ClInclude>
    <ClInclude Include="mainmenu.h">
      <Filter>Header Files\objects</Filter>
    </ClInclude>
  </ItemGroup>
  <ItemGroup>
    <ClCompile Include="resources.cpp">
      <Filter>Source Files\tools</Filter>
    </ClCompile>
    <ClCompile Include="object.cpp">
      <Filter>Source Files\objects</Filter>
    </ClCompile>
    <ClCompile Include="main.cpp">
      <Filter>Source Files</Filter>
    </ClCompile>
    <ClCompile Include="state_base.cpp">
      <Filter>Source Files\states</Filter>
    </ClCompile>
    <ClCompile Include="state_challenge_mode.cpp">
      <Filter>Source Files\states</Filter>
    </ClCompile>
    <ClCompile Include="state_menu.cpp">
      <Filter>Source Files\states</Filter>
    </ClCompile>
    <ClCompile Include="state_options.cpp">
      <Filter>Source Files\states</Filter>
    </ClCompile>
    <ClCompile Include="state_pause.cpp">
      <Filter>Source Files\states</Filter>
    </ClCompile>
    <ClCompile Include="state_playing.cpp">
      <Filter>Source Files\states</Filter>
    </ClCompile>
    <ClCompile Include="state_scores.cpp">
      <Filter>Source Files\states</Filter>
    </ClCompile>
    <ClCompile Include="state_post_level.cpp">
      <Filter>Source Files\states</Filter>
    </ClCompile>
    <ClCompile Include="state_machine.cpp">
      <Filter>Source Files</Filter>
    </ClCompile>
    <ClCompile Include="player.cpp">
      <Filter>Source Files\objects</Filter>
    </ClCompile>
    <ClCompile Include="cursor.cpp">
      <Filter>Source Files\objects</Filter>
    </ClCompile>
    <ClCompile Include="bulletshot.cpp">
      <Filter>Source Files\objects</Filter>
    </ClCompile>
    <ClCompile Include="layer.cpp">
      <Filter>Source Files\objects</Filter>
    </ClCompile>
    <ClCompile Include="sprite.cpp">
      <Filter>Source Files\objects</Filter>
    </ClCompile>
    <ClCompile Include="map.cpp">
      <Filter>Source Files\tools</Filter>
    </ClCompile>
    <ClCompile Include="mainmenu.cpp">
      <Filter>Source Files\objects</Filter>
    </ClCompile>
  </ItemGroup>
</Project>